// !$*UTF8*$!
{
	archiveVersion = 1;
	classes = {
	};
	objectVersion = 55;
	objects = {

/* Begin PBXBuildFile section */
		041CF2E229EB1BF700BFC358 /* NeedleGenerated.swift in Sources */ = {isa = PBXBuildFile; fileRef = 041CF2E129EB1BF700BFC358 /* NeedleGenerated.swift */; };
		041CF2E429EB1C4F00BFC358 /* CharacterListComponent.swift in Sources */ = {isa = PBXBuildFile; fileRef = 041CF2E329EB1C4F00BFC358 /* CharacterListComponent.swift */; };
		041CF2F029EC0AF500BFC358 /* CharacterInfoComponent.swift in Sources */ = {isa = PBXBuildFile; fileRef = 041CF2EF29EC0AF500BFC358 /* CharacterInfoComponent.swift */; };
		041CF2F829EC2E0B00BFC358 /* RouteComposer in Frameworks */ = {isa = PBXBuildFile; productRef = 041CF2F729EC2E0B00BFC358 /* RouteComposer */; };
		041CF2FA29EC34B100BFC358 /* UIVIewController+Router.swift in Sources */ = {isa = PBXBuildFile; fileRef = 041CF2F929EC34B100BFC358 /* UIVIewController+Router.swift */; };
		041CF30829EC451000BFC358 /* ScreenType.swift in Sources */ = {isa = PBXBuildFile; fileRef = 041CF30729EC451000BFC358 /* ScreenType.swift */; };
		041CF30A29EC454200BFC358 /* ScreenConfiguration.swift in Sources */ = {isa = PBXBuildFile; fileRef = 041CF30929EC454200BFC358 /* ScreenConfiguration.swift */; };
		0436C79C2859063900C95CF2 /* CollectionAndTableViewCompatible in Frameworks */ = {isa = PBXBuildFile; productRef = 0436C79B2859063900C95CF2 /* CollectionAndTableViewCompatible */; };
		0436C7A828593FAA00C95CF2 /* Kingfisher in Frameworks */ = {isa = PBXBuildFile; productRef = 0436C7A728593FAA00C95CF2 /* Kingfisher */; };
		0436C7AE285B392800C95CF2 /* UIViewController+ChildrenManager.swift in Sources */ = {isa = PBXBuildFile; fileRef = 0436C7AD285B392800C95CF2 /* UIViewController+ChildrenManager.swift */; };
		043E99D0285237D200EF176E /* AppDelegate.swift in Sources */ = {isa = PBXBuildFile; fileRef = 043E99CF285237D200EF176E /* AppDelegate.swift */; };
		043E99D2285237D200EF176E /* SceneDelegate.swift in Sources */ = {isa = PBXBuildFile; fileRef = 043E99D1285237D200EF176E /* SceneDelegate.swift */; };
		043E99D9285237D900EF176E /* Assets.xcassets in Resources */ = {isa = PBXBuildFile; fileRef = 043E99D8285237D900EF176E /* Assets.xcassets */; };
		043E99DC285237D900EF176E /* LaunchScreen.storyboard in Resources */ = {isa = PBXBuildFile; fileRef = 043E99DA285237D900EF176E /* LaunchScreen.storyboard */; };
		043E99E62852385A00EF176E /* RickAndMortyApi.swift in Sources */ = {isa = PBXBuildFile; fileRef = 043E99E52852385A00EF176E /* RickAndMortyApi.swift */; };
		043E99E82852389200EF176E /* CharactersListViewController.swift in Sources */ = {isa = PBXBuildFile; fileRef = 043E99E72852389200EF176E /* CharactersListViewController.swift */; };
		043E99EB2852438300EF176E /* Character.swift in Sources */ = {isa = PBXBuildFile; fileRef = 043E99EA2852438300EF176E /* Character.swift */; };
		043E99ED2852453400EF176E /* ResponseForCharactersList.swift in Sources */ = {isa = PBXBuildFile; fileRef = 043E99EC2852453400EF176E /* ResponseForCharactersList.swift */; };
		043E99F22852507700EF176E /* CharactersListViewModel.swift in Sources */ = {isa = PBXBuildFile; fileRef = 043E99F12852507700EF176E /* CharactersListViewModel.swift */; };
		043E99F6285256B300EF176E /* CharacterTableCellModel.swift in Sources */ = {isa = PBXBuildFile; fileRef = 043E99F4285256B300EF176E /* CharacterTableCellModel.swift */; };
		043E99F82852570B00EF176E /* CharacterTableViewCell.swift in Sources */ = {isa = PBXBuildFile; fileRef = 043E99F72852570B00EF176E /* CharacterTableViewCell.swift */; };
		043E9A0228537A1500EF176E /* UITableView+isLastCell.swift in Sources */ = {isa = PBXBuildFile; fileRef = 043E9A0128537A1500EF176E /* UITableView+isLastCell.swift */; };
		043E9A052853A53E00EF176E /* CharacterInfoViewController.swift in Sources */ = {isa = PBXBuildFile; fileRef = 043E9A042853A53E00EF176E /* CharacterInfoViewController.swift */; };
		043E9A072853A57E00EF176E /* CharacterInfoViewModel.swift in Sources */ = {isa = PBXBuildFile; fileRef = 043E9A062853A57E00EF176E /* CharacterInfoViewModel.swift */; };
		044ECC17285C924500542BAF /* CharactersListTests.swift in Sources */ = {isa = PBXBuildFile; fileRef = 044ECC16285C924500542BAF /* CharactersListTests.swift */; };
		044ECC27285C936500542BAF /* CharacterInfoTests.swift in Sources */ = {isa = PBXBuildFile; fileRef = 044ECC26285C936500542BAF /* CharacterInfoTests.swift */; };
		04662D5929DE1A9200A4B960 /* Feedback.swift in Sources */ = {isa = PBXBuildFile; fileRef = 04662D5829DE1A9200A4B960 /* Feedback.swift */; };
		04662D5C29DE1BDC00A4B960 /* System.swift in Sources */ = {isa = PBXBuildFile; fileRef = 04662D5B29DE1BDC00A4B960 /* System.swift */; };
		04DB876A29EB138B00CE5B7D /* NeedleFoundation in Frameworks */ = {isa = PBXBuildFile; productRef = 04DB876929EB138B00CE5B7D /* NeedleFoundation */; };
		04EFAF1E285DCFB200699F27 /* MockApiService.swift in Sources */ = {isa = PBXBuildFile; fileRef = 04EFAF1D285DCFB200699F27 /* MockApiService.swift */; };
/* End PBXBuildFile section */

/* Begin PBXContainerItemProxy section */
		044ECC18285C924500542BAF /* PBXContainerItemProxy */ = {
			isa = PBXContainerItemProxy;
			containerPortal = 043E99C4285237D200EF176E /* Project object */;
			proxyType = 1;
			remoteGlobalIDString = 043E99CB285237D200EF176E;
			remoteInfo = "RickAndMortyMVVM+Combine";
		};
		044ECC28285C936500542BAF /* PBXContainerItemProxy */ = {
			isa = PBXContainerItemProxy;
			containerPortal = 043E99C4285237D200EF176E /* Project object */;
			proxyType = 1;
			remoteGlobalIDString = 043E99CB285237D200EF176E;
			remoteInfo = "RickAndMortyMVVM+Combine";
		};
/* End PBXContainerItemProxy section */

/* Begin PBXFileReference section */
		041CF2E129EB1BF700BFC358 /* NeedleGenerated.swift */ = {isa = PBXFileReference; lastKnownFileType = sourcecode.swift; path = NeedleGenerated.swift; sourceTree = "<group>"; };
		041CF2E329EB1C4F00BFC358 /* CharacterListComponent.swift */ = {isa = PBXFileReference; lastKnownFileType = sourcecode.swift; path = CharacterListComponent.swift; sourceTree = "<group>"; };
		041CF2EF29EC0AF500BFC358 /* CharacterInfoComponent.swift */ = {isa = PBXFileReference; lastKnownFileType = sourcecode.swift; path = CharacterInfoComponent.swift; sourceTree = "<group>"; };
		041CF2F929EC34B100BFC358 /* UIVIewController+Router.swift */ = {isa = PBXFileReference; lastKnownFileType = sourcecode.swift; path = "UIVIewController+Router.swift"; sourceTree = "<group>"; };
		041CF30729EC451000BFC358 /* ScreenType.swift */ = {isa = PBXFileReference; lastKnownFileType = sourcecode.swift; path = ScreenType.swift; sourceTree = "<group>"; };
		041CF30929EC454200BFC358 /* ScreenConfiguration.swift */ = {isa = PBXFileReference; lastKnownFileType = sourcecode.swift; path = ScreenConfiguration.swift; sourceTree = "<group>"; };
		0436C7AD285B392800C95CF2 /* UIViewController+ChildrenManager.swift */ = {isa = PBXFileReference; fileEncoding = 4; lastKnownFileType = sourcecode.swift; path = "UIViewController+ChildrenManager.swift"; sourceTree = "<group>"; };
		043E99CC285237D200EF176E /* RickAndMortyMVVM+Combine.app */ = {isa = PBXFileReference; explicitFileType = wrapper.application; includeInIndex = 0; path = "RickAndMortyMVVM+Combine.app"; sourceTree = BUILT_PRODUCTS_DIR; };
		043E99CF285237D200EF176E /* AppDelegate.swift */ = {isa = PBXFileReference; lastKnownFileType = sourcecode.swift; path = AppDelegate.swift; sourceTree = "<group>"; };
		043E99D1285237D200EF176E /* SceneDelegate.swift */ = {isa = PBXFileReference; lastKnownFileType = sourcecode.swift; path = SceneDelegate.swift; sourceTree = "<group>"; };
		043E99D8285237D900EF176E /* Assets.xcassets */ = {isa = PBXFileReference; lastKnownFileType = folder.assetcatalog; path = Assets.xcassets; sourceTree = "<group>"; };
		043E99DB285237D900EF176E /* Base */ = {isa = PBXFileReference; lastKnownFileType = file.storyboard; name = Base; path = Base.lproj/LaunchScreen.storyboard; sourceTree = "<group>"; };
		043E99DD285237D900EF176E /* Info.plist */ = {isa = PBXFileReference; lastKnownFileType = text.plist.xml; path = Info.plist; sourceTree = "<group>"; };
		043E99E52852385A00EF176E /* RickAndMortyApi.swift */ = {isa = PBXFileReference; lastKnownFileType = sourcecode.swift; path = RickAndMortyApi.swift; sourceTree = "<group>"; };
		043E99E72852389200EF176E /* CharactersListViewController.swift */ = {isa = PBXFileReference; lastKnownFileType = sourcecode.swift; path = CharactersListViewController.swift; sourceTree = "<group>"; };
		043E99EA2852438300EF176E /* Character.swift */ = {isa = PBXFileReference; lastKnownFileType = sourcecode.swift; path = Character.swift; sourceTree = "<group>"; };
		043E99EC2852453400EF176E /* ResponseForCharactersList.swift */ = {isa = PBXFileReference; lastKnownFileType = sourcecode.swift; path = ResponseForCharactersList.swift; sourceTree = "<group>"; };
		043E99F12852507700EF176E /* CharactersListViewModel.swift */ = {isa = PBXFileReference; lastKnownFileType = sourcecode.swift; path = CharactersListViewModel.swift; sourceTree = "<group>"; };
		043E99F4285256B300EF176E /* CharacterTableCellModel.swift */ = {isa = PBXFileReference; fileEncoding = 4; lastKnownFileType = sourcecode.swift; path = CharacterTableCellModel.swift; sourceTree = "<group>"; };
		043E99F72852570B00EF176E /* CharacterTableViewCell.swift */ = {isa = PBXFileReference; fileEncoding = 4; lastKnownFileType = sourcecode.swift; path = CharacterTableViewCell.swift; sourceTree = "<group>"; };
		043E9A0128537A1500EF176E /* UITableView+isLastCell.swift */ = {isa = PBXFileReference; fileEncoding = 4; lastKnownFileType = sourcecode.swift; path = "UITableView+isLastCell.swift"; sourceTree = "<group>"; };
		043E9A042853A53E00EF176E /* CharacterInfoViewController.swift */ = {isa = PBXFileReference; lastKnownFileType = sourcecode.swift; path = CharacterInfoViewController.swift; sourceTree = "<group>"; };
		043E9A062853A57E00EF176E /* CharacterInfoViewModel.swift */ = {isa = PBXFileReference; lastKnownFileType = sourcecode.swift; path = CharacterInfoViewModel.swift; sourceTree = "<group>"; };
		044ECC14285C924400542BAF /* CharactersListTests.xctest */ = {isa = PBXFileReference; explicitFileType = wrapper.cfbundle; includeInIndex = 0; path = CharactersListTests.xctest; sourceTree = BUILT_PRODUCTS_DIR; };
		044ECC16285C924500542BAF /* CharactersListTests.swift */ = {isa = PBXFileReference; lastKnownFileType = sourcecode.swift; path = CharactersListTests.swift; sourceTree = "<group>"; };
		044ECC24285C936500542BAF /* CharacterInfoTests.xctest */ = {isa = PBXFileReference; explicitFileType = wrapper.cfbundle; includeInIndex = 0; path = CharacterInfoTests.xctest; sourceTree = BUILT_PRODUCTS_DIR; };
		044ECC26285C936500542BAF /* CharacterInfoTests.swift */ = {isa = PBXFileReference; lastKnownFileType = sourcecode.swift; path = CharacterInfoTests.swift; sourceTree = "<group>"; };
		04662D5829DE1A9200A4B960 /* Feedback.swift */ = {isa = PBXFileReference; lastKnownFileType = sourcecode.swift; path = Feedback.swift; sourceTree = "<group>"; };
		04662D5B29DE1BDC00A4B960 /* System.swift */ = {isa = PBXFileReference; lastKnownFileType = sourcecode.swift; path = System.swift; sourceTree = "<group>"; };
		04EFAF1D285DCFB200699F27 /* MockApiService.swift */ = {isa = PBXFileReference; lastKnownFileType = sourcecode.swift; path = MockApiService.swift; sourceTree = "<group>"; };
/* End PBXFileReference section */

/* Begin PBXFrameworksBuildPhase section */
		043E99C9285237D200EF176E /* Frameworks */ = {
			isa = PBXFrameworksBuildPhase;
			buildActionMask = 2147483647;
			files = (
				041CF2F829EC2E0B00BFC358 /* RouteComposer in Frameworks */,
				0436C7A828593FAA00C95CF2 /* Kingfisher in Frameworks */,
				04DB876A29EB138B00CE5B7D /* NeedleFoundation in Frameworks */,
				0436C79C2859063900C95CF2 /* CollectionAndTableViewCompatible in Frameworks */,
			);
			runOnlyForDeploymentPostprocessing = 0;
		};
		044ECC11285C924400542BAF /* Frameworks */ = {
			isa = PBXFrameworksBuildPhase;
			buildActionMask = 2147483647;
			files = (
			);
			runOnlyForDeploymentPostprocessing = 0;
		};
		044ECC21285C936500542BAF /* Frameworks */ = {
			isa = PBXFrameworksBuildPhase;
			buildActionMask = 2147483647;
			files = (
			);
			runOnlyForDeploymentPostprocessing = 0;
		};
/* End PBXFrameworksBuildPhase section */

/* Begin PBXGroup section */
		041CF2F429EC2D0F00BFC358 /* Controller */ = {
			isa = PBXGroup;
			children = (
				043E99E72852389200EF176E /* CharactersListViewController.swift */,
			);
			path = Controller;
			sourceTree = "<group>";
		};
		041CF2F529EC2D1700BFC358 /* ViewModel */ = {
			isa = PBXGroup;
			children = (
				043E99F12852507700EF176E /* CharactersListViewModel.swift */,
			);
			path = ViewModel;
			sourceTree = "<group>";
		};
		041CF2FB29EC351000BFC358 /* Router */ = {
			isa = PBXGroup;
			children = (
				041CF30729EC451000BFC358 /* ScreenType.swift */,
				041CF30929EC454200BFC358 /* ScreenConfiguration.swift */,
			);
			path = Router;
			sourceTree = "<group>";
		};
		0436C7D8285C799500C95CF2 /* RickAndMortyMVVM+CombineTests */ = {
			isa = PBXGroup;
			children = (
				044ECC25285C936500542BAF /* CharacterInfoTests */,
				044ECC15285C924500542BAF /* CharactersListTests */,
				04EFAF1D285DCFB200699F27 /* MockApiService.swift */,
			);
			path = "RickAndMortyMVVM+CombineTests";
			sourceTree = "<group>";
		};
		043E99C3285237D200EF176E = {
			isa = PBXGroup;
			children = (
				043E99CE285237D200EF176E /* RickAndMortyMVVM+Combine */,
				0436C7D8285C799500C95CF2 /* RickAndMortyMVVM+CombineTests */,
				043E99CD285237D200EF176E /* Products */,
			);
			sourceTree = "<group>";
		};
		043E99CD285237D200EF176E /* Products */ = {
			isa = PBXGroup;
			children = (
				043E99CC285237D200EF176E /* RickAndMortyMVVM+Combine.app */,
				044ECC14285C924400542BAF /* CharactersListTests.xctest */,
				044ECC24285C936500542BAF /* CharacterInfoTests.xctest */,
			);
			name = Products;
			sourceTree = "<group>";
		};
		043E99CE285237D200EF176E /* RickAndMortyMVVM+Combine */ = {
			isa = PBXGroup;
			children = (
				041CF2FB29EC351000BFC358 /* Router */,
				04662D5729DE1A8500A4B960 /* Feedback */,
				043E99FE28533CE800EF176E /* Extension */,
				043E99E92852436E00EF176E /* Model */,
				043E99E42852384600EF176E /* Service */,
				043E99E32852382600EF176E /* CharacterList */,
				043E9A032853A51B00EF176E /* CharacterInfo */,
				043E99CF285237D200EF176E /* AppDelegate.swift */,
				041CF2E129EB1BF700BFC358 /* NeedleGenerated.swift */,
				043E99D1285237D200EF176E /* SceneDelegate.swift */,
				043E99D8285237D900EF176E /* Assets.xcassets */,
				043E99DA285237D900EF176E /* LaunchScreen.storyboard */,
				043E99DD285237D900EF176E /* Info.plist */,
			);
			path = "RickAndMortyMVVM+Combine";
			sourceTree = "<group>";
		};
		043E99E32852382600EF176E /* CharacterList */ = {
			isa = PBXGroup;
			children = (
				041CF2F529EC2D1700BFC358 /* ViewModel */,
				041CF2F429EC2D0F00BFC358 /* Controller */,
				041CF2E329EB1C4F00BFC358 /* CharacterListComponent.swift */,
				043E99F02852504C00EF176E /* Cell */,
			);
			path = CharacterList;
			sourceTree = "<group>";
		};
		043E99E42852384600EF176E /* Service */ = {
			isa = PBXGroup;
			children = (
				043E99E52852385A00EF176E /* RickAndMortyApi.swift */,
				043E99EC2852453400EF176E /* ResponseForCharactersList.swift */,
			);
			path = Service;
			sourceTree = "<group>";
		};
		043E99E92852436E00EF176E /* Model */ = {
			isa = PBXGroup;
			children = (
				043E99EA2852438300EF176E /* Character.swift */,
			);
			path = Model;
			sourceTree = "<group>";
		};
		043E99F02852504C00EF176E /* Cell */ = {
			isa = PBXGroup;
			children = (
				043E99F72852570B00EF176E /* CharacterTableViewCell.swift */,
				043E99F4285256B300EF176E /* CharacterTableCellModel.swift */,
			);
			path = Cell;
			sourceTree = "<group>";
		};
		043E99FE28533CE800EF176E /* Extension */ = {
			isa = PBXGroup;
			children = (
				0436C7AD285B392800C95CF2 /* UIViewController+ChildrenManager.swift */,
				043E9A0128537A1500EF176E /* UITableView+isLastCell.swift */,
				041CF2F929EC34B100BFC358 /* UIVIewController+Router.swift */,
			);
			path = Extension;
			sourceTree = "<group>";
		};
		043E9A032853A51B00EF176E /* CharacterInfo */ = {
			isa = PBXGroup;
			children = (
				043E9A042853A53E00EF176E /* CharacterInfoViewController.swift */,
				043E9A062853A57E00EF176E /* CharacterInfoViewModel.swift */,
				041CF2EF29EC0AF500BFC358 /* CharacterInfoComponent.swift */,
			);
			path = CharacterInfo;
			sourceTree = "<group>";
		};
		044ECC15285C924500542BAF /* CharactersListTests */ = {
			isa = PBXGroup;
			children = (
				044ECC16285C924500542BAF /* CharactersListTests.swift */,
			);
			path = CharactersListTests;
			sourceTree = "<group>";
		};
		044ECC25285C936500542BAF /* CharacterInfoTests */ = {
			isa = PBXGroup;
			children = (
				044ECC26285C936500542BAF /* CharacterInfoTests.swift */,
			);
			path = CharacterInfoTests;
			sourceTree = "<group>";
		};
		04662D5729DE1A8500A4B960 /* Feedback */ = {
			isa = PBXGroup;
			children = (
				04662D5829DE1A9200A4B960 /* Feedback.swift */,
				04662D5B29DE1BDC00A4B960 /* System.swift */,
			);
			path = Feedback;
			sourceTree = "<group>";
		};
/* End PBXGroup section */

/* Begin PBXNativeTarget section */
		043E99CB285237D200EF176E /* RickAndMortyMVVM+Combine */ = {
			isa = PBXNativeTarget;
			buildConfigurationList = 043E99E0285237D900EF176E /* Build configuration list for PBXNativeTarget "RickAndMortyMVVM+Combine" */;
			buildPhases = (
				043E99C8285237D200EF176E /* Sources */,
				043E99C9285237D200EF176E /* Frameworks */,
				043E99CA285237D200EF176E /* Resources */,
				04DB876B29EB168800CE5B7D /* ShellScript */,
			);
			buildRules = (
			);
			dependencies = (
			);
			name = "RickAndMortyMVVM+Combine";
			packageProductDependencies = (
				0436C79B2859063900C95CF2 /* CollectionAndTableViewCompatible */,
				0436C7A728593FAA00C95CF2 /* Kingfisher */,
				04DB876929EB138B00CE5B7D /* NeedleFoundation */,
				041CF2F729EC2E0B00BFC358 /* RouteComposer */,
			);
			productName = "RickAndMortyMVVM+Combine";
			productReference = 043E99CC285237D200EF176E /* RickAndMortyMVVM+Combine.app */;
			productType = "com.apple.product-type.application";
		};
		044ECC13285C924400542BAF /* CharactersListTests */ = {
			isa = PBXNativeTarget;
			buildConfigurationList = 044ECC1A285C924500542BAF /* Build configuration list for PBXNativeTarget "CharactersListTests" */;
			buildPhases = (
				044ECC10285C924400542BAF /* Sources */,
				044ECC11285C924400542BAF /* Frameworks */,
				044ECC12285C924400542BAF /* Resources */,
			);
			buildRules = (
			);
			dependencies = (
				044ECC19285C924500542BAF /* PBXTargetDependency */,
			);
			name = CharactersListTests;
			productName = CharactersListTests;
			productReference = 044ECC14285C924400542BAF /* CharactersListTests.xctest */;
			productType = "com.apple.product-type.bundle.unit-test";
		};
		044ECC23285C936500542BAF /* CharacterInfoTests */ = {
			isa = PBXNativeTarget;
			buildConfigurationList = 044ECC2A285C936500542BAF /* Build configuration list for PBXNativeTarget "CharacterInfoTests" */;
			buildPhases = (
				044ECC20285C936500542BAF /* Sources */,
				044ECC21285C936500542BAF /* Frameworks */,
				044ECC22285C936500542BAF /* Resources */,
			);
			buildRules = (
			);
			dependencies = (
				044ECC29285C936500542BAF /* PBXTargetDependency */,
			);
			name = CharacterInfoTests;
			productName = CharacterInfoTests;
			productReference = 044ECC24285C936500542BAF /* CharacterInfoTests.xctest */;
			productType = "com.apple.product-type.bundle.unit-test";
		};
/* End PBXNativeTarget section */

/* Begin PBXProject section */
		043E99C4285237D200EF176E /* Project object */ = {
			isa = PBXProject;
			attributes = {
				BuildIndependentTargetsInParallel = 1;
				LastSwiftUpdateCheck = 1320;
				LastUpgradeCheck = 1320;
				TargetAttributes = {
					043E99CB285237D200EF176E = {
						CreatedOnToolsVersion = 13.2.1;
					};
					044ECC13285C924400542BAF = {
						CreatedOnToolsVersion = 13.2.1;
						TestTargetID = 043E99CB285237D200EF176E;
					};
					044ECC23285C936500542BAF = {
						CreatedOnToolsVersion = 13.2.1;
						TestTargetID = 043E99CB285237D200EF176E;
					};
				};
			};
			buildConfigurationList = 043E99C7285237D200EF176E /* Build configuration list for PBXProject "RickAndMortyMVVM+Combine" */;
			compatibilityVersion = "Xcode 13.0";
			developmentRegion = en;
			hasScannedForEncodings = 0;
			knownRegions = (
				en,
				Base,
			);
			mainGroup = 043E99C3285237D200EF176E;
			packageReferences = (
				0436C79A2859063900C95CF2 /* XCRemoteSwiftPackageReference "CollectionAndTableViewCompatible" */,
				0436C7A628593FAA00C95CF2 /* XCRemoteSwiftPackageReference "Kingfisher" */,
				04DB876829EB138B00CE5B7D /* XCRemoteSwiftPackageReference "needle" */,
				041CF2F629EC2E0B00BFC358 /* XCRemoteSwiftPackageReference "route-composer" */,
			);
			productRefGroup = 043E99CD285237D200EF176E /* Products */;
			projectDirPath = "";
			projectRoot = "";
			targets = (
				043E99CB285237D200EF176E /* RickAndMortyMVVM+Combine */,
				044ECC13285C924400542BAF /* CharactersListTests */,
				044ECC23285C936500542BAF /* CharacterInfoTests */,
			);
		};
/* End PBXProject section */

/* Begin PBXResourcesBuildPhase section */
		043E99CA285237D200EF176E /* Resources */ = {
			isa = PBXResourcesBuildPhase;
			buildActionMask = 2147483647;
			files = (
				043E99DC285237D900EF176E /* LaunchScreen.storyboard in Resources */,
				043E99D9285237D900EF176E /* Assets.xcassets in Resources */,
			);
			runOnlyForDeploymentPostprocessing = 0;
		};
		044ECC12285C924400542BAF /* Resources */ = {
			isa = PBXResourcesBuildPhase;
			buildActionMask = 2147483647;
			files = (
			);
			runOnlyForDeploymentPostprocessing = 0;
		};
		044ECC22285C936500542BAF /* Resources */ = {
			isa = PBXResourcesBuildPhase;
			buildActionMask = 2147483647;
			files = (
			);
			runOnlyForDeploymentPostprocessing = 0;
		};
/* End PBXResourcesBuildPhase section */

/* Begin PBXShellScriptBuildPhase section */
		04DB876B29EB168800CE5B7D /* ShellScript */ = {
			isa = PBXShellScriptBuildPhase;
			buildActionMask = 2147483647;
			files = (
			);
			inputFileListPaths = (
			);
			inputPaths = (
			);
			outputFileListPaths = (
			);
			outputPaths = (
			);
			runOnlyForDeploymentPostprocessing = 0;
			shellPath = /bin/sh;
			shellScript = "needle generate RickAndMortyMVVM+Combine/NeedleGenerated.swift RickAndMortyMVVM+Combine/\n";
		};
/* End PBXShellScriptBuildPhase section */

/* Begin PBXSourcesBuildPhase section */
		043E99C8285237D200EF176E /* Sources */ = {
			isa = PBXSourcesBuildPhase;
			buildActionMask = 2147483647;
			files = (
				041CF2F029EC0AF500BFC358 /* CharacterInfoComponent.swift in Sources */,
				043E9A052853A53E00EF176E /* CharacterInfoViewController.swift in Sources */,
				043E99F22852507700EF176E /* CharactersListViewModel.swift in Sources */,
				04662D5C29DE1BDC00A4B960 /* System.swift in Sources */,
				04EFAF1E285DCFB200699F27 /* MockApiService.swift in Sources */,
				043E99E82852389200EF176E /* CharactersListViewController.swift in Sources */,
				043E99F82852570B00EF176E /* CharacterTableViewCell.swift in Sources */,
				043E9A0228537A1500EF176E /* UITableView+isLastCell.swift in Sources */,
				041CF30A29EC454200BFC358 /* ScreenConfiguration.swift in Sources */,
				043E99F6285256B300EF176E /* CharacterTableCellModel.swift in Sources */,
				043E99D0285237D200EF176E /* AppDelegate.swift in Sources */,
				043E99ED2852453400EF176E /* ResponseForCharactersList.swift in Sources */,
				0436C7AE285B392800C95CF2 /* UIViewController+ChildrenManager.swift in Sources */,
				043E99EB2852438300EF176E /* Character.swift in Sources */,
				041CF30829EC451000BFC358 /* ScreenType.swift in Sources */,
				041CF2FA29EC34B100BFC358 /* UIVIewController+Router.swift in Sources */,
				043E99E62852385A00EF176E /* RickAndMortyApi.swift in Sources */,
				041CF2E229EB1BF700BFC358 /* NeedleGenerated.swift in Sources */,
				043E9A072853A57E00EF176E /* CharacterInfoViewModel.swift in Sources */,
				04662D5929DE1A9200A4B960 /* Feedback.swift in Sources */,
				043E99D2285237D200EF176E /* SceneDelegate.swift in Sources */,
				041CF2E429EB1C4F00BFC358 /* CharacterListComponent.swift in Sources */,
			);
			runOnlyForDeploymentPostprocessing = 0;
		};
		044ECC10285C924400542BAF /* Sources */ = {
			isa = PBXSourcesBuildPhase;
			buildActionMask = 2147483647;
			files = (
				044ECC17285C924500542BAF /* CharactersListTests.swift in Sources */,
			);
			runOnlyForDeploymentPostprocessing = 0;
		};
		044ECC20285C936500542BAF /* Sources */ = {
			isa = PBXSourcesBuildPhase;
			buildActionMask = 2147483647;
			files = (
				044ECC27285C936500542BAF /* CharacterInfoTests.swift in Sources */,
			);
			runOnlyForDeploymentPostprocessing = 0;
		};
/* End PBXSourcesBuildPhase section */

/* Begin PBXTargetDependency section */
		044ECC19285C924500542BAF /* PBXTargetDependency */ = {
			isa = PBXTargetDependency;
			target = 043E99CB285237D200EF176E /* RickAndMortyMVVM+Combine */;
			targetProxy = 044ECC18285C924500542BAF /* PBXContainerItemProxy */;
		};
		044ECC29285C936500542BAF /* PBXTargetDependency */ = {
			isa = PBXTargetDependency;
			target = 043E99CB285237D200EF176E /* RickAndMortyMVVM+Combine */;
			targetProxy = 044ECC28285C936500542BAF /* PBXContainerItemProxy */;
		};
/* End PBXTargetDependency section */

/* Begin PBXVariantGroup section */
		043E99DA285237D900EF176E /* LaunchScreen.storyboard */ = {
			isa = PBXVariantGroup;
			children = (
				043E99DB285237D900EF176E /* Base */,
			);
			name = LaunchScreen.storyboard;
			sourceTree = "<group>";
		};
/* End PBXVariantGroup section */

/* Begin XCBuildConfiguration section */
		043E99DE285237D900EF176E /* Debug */ = {
			isa = XCBuildConfiguration;
			buildSettings = {
				ALWAYS_SEARCH_USER_PATHS = NO;
				CLANG_ANALYZER_NONNULL = YES;
				CLANG_ANALYZER_NUMBER_OBJECT_CONVERSION = YES_AGGRESSIVE;
				CLANG_CXX_LANGUAGE_STANDARD = "gnu++17";
				CLANG_CXX_LIBRARY = "libc++";
				CLANG_ENABLE_MODULES = YES;
				CLANG_ENABLE_OBJC_ARC = YES;
				CLANG_ENABLE_OBJC_WEAK = YES;
				CLANG_WARN_BLOCK_CAPTURE_AUTORELEASING = YES;
				CLANG_WARN_BOOL_CONVERSION = YES;
				CLANG_WARN_COMMA = YES;
				CLANG_WARN_CONSTANT_CONVERSION = YES;
				CLANG_WARN_DEPRECATED_OBJC_IMPLEMENTATIONS = YES;
				CLANG_WARN_DIRECT_OBJC_ISA_USAGE = YES_ERROR;
				CLANG_WARN_DOCUMENTATION_COMMENTS = YES;
				CLANG_WARN_EMPTY_BODY = YES;
				CLANG_WARN_ENUM_CONVERSION = YES;
				CLANG_WARN_INFINITE_RECURSION = YES;
				CLANG_WARN_INT_CONVERSION = YES;
				CLANG_WARN_NON_LITERAL_NULL_CONVERSION = YES;
				CLANG_WARN_OBJC_IMPLICIT_RETAIN_SELF = YES;
				CLANG_WARN_OBJC_LITERAL_CONVERSION = YES;
				CLANG_WARN_OBJC_ROOT_CLASS = YES_ERROR;
				CLANG_WARN_QUOTED_INCLUDE_IN_FRAMEWORK_HEADER = YES;
				CLANG_WARN_RANGE_LOOP_ANALYSIS = YES;
				CLANG_WARN_STRICT_PROTOTYPES = YES;
				CLANG_WARN_SUSPICIOUS_MOVE = YES;
				CLANG_WARN_UNGUARDED_AVAILABILITY = YES_AGGRESSIVE;
				CLANG_WARN_UNREACHABLE_CODE = YES;
				CLANG_WARN__DUPLICATE_METHOD_MATCH = YES;
				COPY_PHASE_STRIP = NO;
				DEBUG_INFORMATION_FORMAT = dwarf;
				ENABLE_STRICT_OBJC_MSGSEND = YES;
				ENABLE_TESTABILITY = YES;
				GCC_C_LANGUAGE_STANDARD = gnu11;
				GCC_DYNAMIC_NO_PIC = NO;
				GCC_NO_COMMON_BLOCKS = YES;
				GCC_OPTIMIZATION_LEVEL = 0;
				GCC_PREPROCESSOR_DEFINITIONS = (
					"DEBUG=1",
					"$(inherited)",
				);
				GCC_WARN_64_TO_32_BIT_CONVERSION = YES;
				GCC_WARN_ABOUT_RETURN_TYPE = YES_ERROR;
				GCC_WARN_UNDECLARED_SELECTOR = YES;
				GCC_WARN_UNINITIALIZED_AUTOS = YES_AGGRESSIVE;
				GCC_WARN_UNUSED_FUNCTION = YES;
				GCC_WARN_UNUSED_VARIABLE = YES;
				IPHONEOS_DEPLOYMENT_TARGET = 15.2;
				MTL_ENABLE_DEBUG_INFO = INCLUDE_SOURCE;
				MTL_FAST_MATH = YES;
				ONLY_ACTIVE_ARCH = YES;
				SDKROOT = iphoneos;
				SWIFT_ACTIVE_COMPILATION_CONDITIONS = DEBUG;
				SWIFT_OPTIMIZATION_LEVEL = "-Onone";
			};
			name = Debug;
		};
		043E99DF285237D900EF176E /* Release */ = {
			isa = XCBuildConfiguration;
			buildSettings = {
				ALWAYS_SEARCH_USER_PATHS = NO;
				CLANG_ANALYZER_NONNULL = YES;
				CLANG_ANALYZER_NUMBER_OBJECT_CONVERSION = YES_AGGRESSIVE;
				CLANG_CXX_LANGUAGE_STANDARD = "gnu++17";
				CLANG_CXX_LIBRARY = "libc++";
				CLANG_ENABLE_MODULES = YES;
				CLANG_ENABLE_OBJC_ARC = YES;
				CLANG_ENABLE_OBJC_WEAK = YES;
				CLANG_WARN_BLOCK_CAPTURE_AUTORELEASING = YES;
				CLANG_WARN_BOOL_CONVERSION = YES;
				CLANG_WARN_COMMA = YES;
				CLANG_WARN_CONSTANT_CONVERSION = YES;
				CLANG_WARN_DEPRECATED_OBJC_IMPLEMENTATIONS = YES;
				CLANG_WARN_DIRECT_OBJC_ISA_USAGE = YES_ERROR;
				CLANG_WARN_DOCUMENTATION_COMMENTS = YES;
				CLANG_WARN_EMPTY_BODY = YES;
				CLANG_WARN_ENUM_CONVERSION = YES;
				CLANG_WARN_INFINITE_RECURSION = YES;
				CLANG_WARN_INT_CONVERSION = YES;
				CLANG_WARN_NON_LITERAL_NULL_CONVERSION = YES;
				CLANG_WARN_OBJC_IMPLICIT_RETAIN_SELF = YES;
				CLANG_WARN_OBJC_LITERAL_CONVERSION = YES;
				CLANG_WARN_OBJC_ROOT_CLASS = YES_ERROR;
				CLANG_WARN_QUOTED_INCLUDE_IN_FRAMEWORK_HEADER = YES;
				CLANG_WARN_RANGE_LOOP_ANALYSIS = YES;
				CLANG_WARN_STRICT_PROTOTYPES = YES;
				CLANG_WARN_SUSPICIOUS_MOVE = YES;
				CLANG_WARN_UNGUARDED_AVAILABILITY = YES_AGGRESSIVE;
				CLANG_WARN_UNREACHABLE_CODE = YES;
				CLANG_WARN__DUPLICATE_METHOD_MATCH = YES;
				COPY_PHASE_STRIP = NO;
				DEBUG_INFORMATION_FORMAT = "dwarf-with-dsym";
				ENABLE_NS_ASSERTIONS = NO;
				ENABLE_STRICT_OBJC_MSGSEND = YES;
				GCC_C_LANGUAGE_STANDARD = gnu11;
				GCC_NO_COMMON_BLOCKS = YES;
				GCC_WARN_64_TO_32_BIT_CONVERSION = YES;
				GCC_WARN_ABOUT_RETURN_TYPE = YES_ERROR;
				GCC_WARN_UNDECLARED_SELECTOR = YES;
				GCC_WARN_UNINITIALIZED_AUTOS = YES_AGGRESSIVE;
				GCC_WARN_UNUSED_FUNCTION = YES;
				GCC_WARN_UNUSED_VARIABLE = YES;
				IPHONEOS_DEPLOYMENT_TARGET = 15.2;
				MTL_ENABLE_DEBUG_INFO = NO;
				MTL_FAST_MATH = YES;
				SDKROOT = iphoneos;
				SWIFT_COMPILATION_MODE = wholemodule;
				SWIFT_OPTIMIZATION_LEVEL = "-O";
				VALIDATE_PRODUCT = YES;
			};
			name = Release;
		};
		043E99E1285237D900EF176E /* Debug */ = {
			isa = XCBuildConfiguration;
			buildSettings = {
				ASSETCATALOG_COMPILER_APPICON_NAME = AppIcon;
				ASSETCATALOG_COMPILER_GLOBAL_ACCENT_COLOR_NAME = AccentColor;
				CODE_SIGN_STYLE = Automatic;
				CURRENT_PROJECT_VERSION = 1;
				DEVELOPMENT_TEAM = 2GBYKA6BBC;
				GENERATE_INFOPLIST_FILE = YES;
				INFOPLIST_FILE = "RickAndMortyMVVM+Combine/Info.plist";
				INFOPLIST_KEY_UIApplicationSupportsIndirectInputEvents = YES;
				INFOPLIST_KEY_UILaunchStoryboardName = LaunchScreen;
				INFOPLIST_KEY_UIMainStoryboardFile = LaunchScreen;
				INFOPLIST_KEY_UISupportedInterfaceOrientations_iPad = "UIInterfaceOrientationPortrait UIInterfaceOrientationPortraitUpsideDown UIInterfaceOrientationLandscapeLeft UIInterfaceOrientationLandscapeRight";
				INFOPLIST_KEY_UISupportedInterfaceOrientations_iPhone = "UIInterfaceOrientationPortrait UIInterfaceOrientationLandscapeLeft UIInterfaceOrientationLandscapeRight";
				LD_RUNPATH_SEARCH_PATHS = (
					"$(inherited)",
					"@executable_path/Frameworks",
				);
				MARKETING_VERSION = 1.0;
				PRODUCT_BUNDLE_IDENTIFIER = "com.lungful.RickAndMortyMVVM-Combine";
				PRODUCT_NAME = "$(TARGET_NAME)";
				SWIFT_EMIT_LOC_STRINGS = YES;
				SWIFT_VERSION = 5.0;
				TARGETED_DEVICE_FAMILY = "1,2";
			};
			name = Debug;
		};
		043E99E2285237D900EF176E /* Release */ = {
			isa = XCBuildConfiguration;
			buildSettings = {
				ASSETCATALOG_COMPILER_APPICON_NAME = AppIcon;
				ASSETCATALOG_COMPILER_GLOBAL_ACCENT_COLOR_NAME = AccentColor;
				CODE_SIGN_STYLE = Automatic;
				CURRENT_PROJECT_VERSION = 1;
				DEVELOPMENT_TEAM = 2GBYKA6BBC;
				GENERATE_INFOPLIST_FILE = YES;
				INFOPLIST_FILE = "RickAndMortyMVVM+Combine/Info.plist";
				INFOPLIST_KEY_UIApplicationSupportsIndirectInputEvents = YES;
				INFOPLIST_KEY_UILaunchStoryboardName = LaunchScreen;
				INFOPLIST_KEY_UIMainStoryboardFile = LaunchScreen;
				INFOPLIST_KEY_UISupportedInterfaceOrientations_iPad = "UIInterfaceOrientationPortrait UIInterfaceOrientationPortraitUpsideDown UIInterfaceOrientationLandscapeLeft UIInterfaceOrientationLandscapeRight";
				INFOPLIST_KEY_UISupportedInterfaceOrientations_iPhone = "UIInterfaceOrientationPortrait UIInterfaceOrientationLandscapeLeft UIInterfaceOrientationLandscapeRight";
				LD_RUNPATH_SEARCH_PATHS = (
					"$(inherited)",
					"@executable_path/Frameworks",
				);
				MARKETING_VERSION = 1.0;
				PRODUCT_BUNDLE_IDENTIFIER = "com.lungful.RickAndMortyMVVM-Combine";
				PRODUCT_NAME = "$(TARGET_NAME)";
				SWIFT_EMIT_LOC_STRINGS = YES;
				SWIFT_VERSION = 5.0;
				TARGETED_DEVICE_FAMILY = "1,2";
			};
			name = Release;
		};
		044ECC1B285C924500542BAF /* Debug */ = {
			isa = XCBuildConfiguration;
			buildSettings = {
				BUNDLE_LOADER = "$(TEST_HOST)";
				CODE_SIGN_STYLE = Automatic;
				CURRENT_PROJECT_VERSION = 1;
				DEVELOPMENT_TEAM = 2GBYKA6BBC;
				GENERATE_INFOPLIST_FILE = YES;
				MARKETING_VERSION = 1.0;
				PRODUCT_BUNDLE_IDENTIFIER = com.lungful.CharactersListTests;
				PRODUCT_NAME = "$(TARGET_NAME)";
				SWIFT_EMIT_LOC_STRINGS = NO;
				SWIFT_VERSION = 5.0;
				TARGETED_DEVICE_FAMILY = "1,2";
				TEST_HOST = "$(BUILT_PRODUCTS_DIR)/RickAndMortyMVVM+Combine.app/RickAndMortyMVVM+Combine";
			};
			name = Debug;
		};
		044ECC1C285C924500542BAF /* Release */ = {
			isa = XCBuildConfiguration;
			buildSettings = {
				BUNDLE_LOADER = "$(TEST_HOST)";
				CODE_SIGN_STYLE = Automatic;
				CURRENT_PROJECT_VERSION = 1;
				DEVELOPMENT_TEAM = 2GBYKA6BBC;
				GENERATE_INFOPLIST_FILE = YES;
				MARKETING_VERSION = 1.0;
				PRODUCT_BUNDLE_IDENTIFIER = com.lungful.CharactersListTests;
				PRODUCT_NAME = "$(TARGET_NAME)";
				SWIFT_EMIT_LOC_STRINGS = NO;
				SWIFT_VERSION = 5.0;
				TARGETED_DEVICE_FAMILY = "1,2";
				TEST_HOST = "$(BUILT_PRODUCTS_DIR)/RickAndMortyMVVM+Combine.app/RickAndMortyMVVM+Combine";
			};
			name = Release;
		};
		044ECC2B285C936500542BAF /* Debug */ = {
			isa = XCBuildConfiguration;
			buildSettings = {
				BUNDLE_LOADER = "$(TEST_HOST)";
				CODE_SIGN_STYLE = Automatic;
				CURRENT_PROJECT_VERSION = 1;
				DEVELOPMENT_TEAM = 2GBYKA6BBC;
				GENERATE_INFOPLIST_FILE = YES;
				MARKETING_VERSION = 1.0;
				PRODUCT_BUNDLE_IDENTIFIER = com.lungful.CharacterInfoTests;
				PRODUCT_NAME = "$(TARGET_NAME)";
				SWIFT_EMIT_LOC_STRINGS = NO;
				SWIFT_VERSION = 5.0;
				TARGETED_DEVICE_FAMILY = "1,2";
				TEST_HOST = "$(BUILT_PRODUCTS_DIR)/RickAndMortyMVVM+Combine.app/RickAndMortyMVVM+Combine";
			};
			name = Debug;
		};
		044ECC2C285C936500542BAF /* Release */ = {
			isa = XCBuildConfiguration;
			buildSettings = {
				BUNDLE_LOADER = "$(TEST_HOST)";
				CODE_SIGN_STYLE = Automatic;
				CURRENT_PROJECT_VERSION = 1;
				DEVELOPMENT_TEAM = 2GBYKA6BBC;
				GENERATE_INFOPLIST_FILE = YES;
				MARKETING_VERSION = 1.0;
				PRODUCT_BUNDLE_IDENTIFIER = com.lungful.CharacterInfoTests;
				PRODUCT_NAME = "$(TARGET_NAME)";
				SWIFT_EMIT_LOC_STRINGS = NO;
				SWIFT_VERSION = 5.0;
				TARGETED_DEVICE_FAMILY = "1,2";
				TEST_HOST = "$(BUILT_PRODUCTS_DIR)/RickAndMortyMVVM+Combine.app/RickAndMortyMVVM+Combine";
			};
			name = Release;
		};
/* End XCBuildConfiguration section */

/* Begin XCConfigurationList section */
		043E99C7285237D200EF176E /* Build configuration list for PBXProject "RickAndMortyMVVM+Combine" */ = {
			isa = XCConfigurationList;
			buildConfigurations = (
				043E99DE285237D900EF176E /* Debug */,
				043E99DF285237D900EF176E /* Release */,
			);
			defaultConfigurationIsVisible = 0;
			defaultConfigurationName = Release;
		};
		043E99E0285237D900EF176E /* Build configuration list for PBXNativeTarget "RickAndMortyMVVM+Combine" */ = {
			isa = XCConfigurationList;
			buildConfigurations = (
				043E99E1285237D900EF176E /* Debug */,
				043E99E2285237D900EF176E /* Release */,
			);
			defaultConfigurationIsVisible = 0;
			defaultConfigurationName = Release;
		};
		044ECC1A285C924500542BAF /* Build configuration list for PBXNativeTarget "CharactersListTests" */ = {
			isa = XCConfigurationList;
			buildConfigurations = (
				044ECC1B285C924500542BAF /* Debug */,
				044ECC1C285C924500542BAF /* Release */,
			);
			defaultConfigurationIsVisible = 0;
			defaultConfigurationName = Release;
		};
		044ECC2A285C936500542BAF /* Build configuration list for PBXNativeTarget "CharacterInfoTests" */ = {
			isa = XCConfigurationList;
			buildConfigurations = (
				044ECC2B285C936500542BAF /* Debug */,
				044ECC2C285C936500542BAF /* Release */,
			);
			defaultConfigurationIsVisible = 0;
			defaultConfigurationName = Release;
		};
/* End XCConfigurationList section */

/* Begin XCRemoteSwiftPackageReference section */
		041CF2F629EC2E0B00BFC358 /* XCRemoteSwiftPackageReference "route-composer" */ = {
			isa = XCRemoteSwiftPackageReference;
			repositoryURL = "https://github.com/ekazaev/route-composer.git";
			requirement = {
				kind = upToNextMajorVersion;
				minimumVersion = 2.0.0;
			};
		};
		0436C79A2859063900C95CF2 /* XCRemoteSwiftPackageReference "CollectionAndTableViewCompatible" */ = {
			isa = XCRemoteSwiftPackageReference;
			repositoryURL = "https://github.com/jayway/CollectionAndTableViewCompatible";
			requirement = {
				branch = master;
				kind = branch;
			};
		};
		0436C7A628593FAA00C95CF2 /* XCRemoteSwiftPackageReference "Kingfisher" */ = {
			isa = XCRemoteSwiftPackageReference;
			repositoryURL = "https://github.com/onevcat/Kingfisher.git";
			requirement = {
				branch = master;
				kind = branch;
			};
		};
		04DB876829EB138B00CE5B7D /* XCRemoteSwiftPackageReference "needle" */ = {
			isa = XCRemoteSwiftPackageReference;
			repositoryURL = "https://github.com/uber/needle.git";
			requirement = {
				branch = master;
				kind = branch;
			};
		};
/* End XCRemoteSwiftPackageReference section */

/* Begin XCSwiftPackageProductDependency section */
		041CF2F729EC2E0B00BFC358 /* RouteComposer */ = {
			isa = XCSwiftPackageProductDependency;
			package = 041CF2F629EC2E0B00BFC358 /* XCRemoteSwiftPackageReference "route-composer" */;
			productName = RouteComposer;
		};
		0436C79B2859063900C95CF2 /* CollectionAndTableViewCompatible */ = {
			isa = XCSwiftPackageProductDependency;
			package = 0436C79A2859063900C95CF2 /* XCRemoteSwiftPackageReference "CollectionAndTableViewCompatible" */;
			productName = CollectionAndTableViewCompatible;
		};
		0436C7A728593FAA00C95CF2 /* Kingfisher */ = {
			isa = XCSwiftPackageProductDependency;
			package = 0436C7A628593FAA00C95CF2 /* XCRemoteSwiftPackageReference "Kingfisher" */;
			productName = Kingfisher;
		};
		04DB876929EB138B00CE5B7D /* NeedleFoundation */ = {
			isa = XCSwiftPackageProductDependency;
			package = 04DB876829EB138B00CE5B7D /* XCRemoteSwiftPackageReference "needle" */;
			productName = NeedleFoundation;
		};
/* End XCSwiftPackageProductDependency section */
	};
	rootObject = 043E99C4285237D200EF176E /* Project object */;
}
